
Microsoft Visual Studio Solution File, Format Version 12.00
# Visual Studio 15
VisualStudioVersion = 15.0.28307.902
MinimumVisualStudioVersion = 10.0.40219.1
Project("{FAE04EC0-301F-11D3-BF4B-00C04F79EFBC}") = "PC_eShop", "PC_eShop\PC_eShop.csproj", "{D0D4345E-4F54-4ACE-AB3E-2B615DB7B2F1}"
EndProject
Global
	GlobalSection(SolutionConfigurationPlatforms) = preSolution
		Debug|Any CPU = Debug|Any CPU
		Release|Any CPU = Release|Any CPU
	EndGlobalSection
	GlobalSection(ProjectConfigurationPlatforms) = postSolution
		{D0D4345E-4F54-4ACE-AB3E-2B615DB7B2F1}.Debug|Any CPU.ActiveCfg = Debug|Any CPU
		{D0D4345E-4F54-4ACE-AB3E-2B615DB7B2F1}.Debug|Any CPU.Build.0 = Debug|Any CPU
		{D0D4345E-4F54-4ACE-AB3E-2B615DB7B2F1}.Release|Any CPU.ActiveCfg = Release|Any CPU
		{D0D4345E-4F54-4ACE-AB3E-2B615DB7B2F1}.Release|Any CPU.Build.0 = Release|Any CPU
	EndGlobalSection
	GlobalSection(SolutionProperties) = preSolution
		HideSolutionNode = FALSE
	EndGlobalSection
	GlobalSection(ExtensibilityGlobals) = postSolution
		SolutionGuid = {7D891B3E-723D-45F8-9387-A6918C3CDDA5}
	EndGlobalSection
EndGlobal
